PODS:
  - Google-Mobile-Ads-SDK (7.16.0)

DEPENDENCIES:
  - Google-Mobile-Ads-SDK

SPEC REPOS:
  https://github.com/cocoapods/specs.git:
    - Google-Mobile-Ads-SDK

SPEC CHECKSUMS:
  Google-Mobile-Ads-SDK: 92dff0e9ce1cfdfe640d9d80ab86d5e4371e478f

PODFILE CHECKSUM: 2d2e2b679d72739f8475f40d43036e077702a96a

COCOAPODS: 1.6.2
