// !$*UTF8*$!
{
	archiveVersion = 1;
	classes = {
	};
	objectVersion = 50;
	objects = {

/* Begin PBXBuildFile section */
		02F7C6511CA4FE9960B3CEE5 /* Pods_CashFlow.framework in Frameworks */ = {isa = PBXBuildFile; fileRef = F00FFDCBE2C2416A0F40135B /* Pods_CashFlow.framework */; settings = {ATTRIBUTES = (Required, ); }; };
		280CCF3F22957FD2000039E0 /* TKRadarChart.swift in Sources */ = {isa = PBXBuildFile; fileRef = 280CCF3E22957FD2000039E0 /* TKRadarChart.swift */; };
		28CFEEA42296DC40001A3961 /* CFRadarVC.swift in Sources */ = {isa = PBXBuildFile; fileRef = 28CFEEA32296DC40001A3961 /* CFRadarVC.swift */; };
		631E9E4F21F7028900E3B47C /* CFtabBarViewController.swift in Sources */ = {isa = PBXBuildFile; fileRef = 631E9E4E21F7028900E3B47C /* CFtabBarViewController.swift */; };
		634CC07A2248598E0026B295 /* C1.swift in Sources */ = {isa = PBXBuildFile; fileRef = 634CC0792248598E0026B295 /* C1.swift */; };
		6355076E2201A95B00437CDB /* Global.swift in Sources */ = {isa = PBXBuildFile; fileRef = 6355076D2201A95B00437CDB /* Global.swift */; };
		635EE0C122363DF2001F00E8 /* CashFlowModel.xcdatamodeld in Sources */ = {isa = PBXBuildFile; fileRef = 635EE0BF22363DF2001F00E8 /* CashFlowModel.xcdatamodeld */; };
		6363EF592297D9E0006C0A9C /* LineChart.swift in Sources */ = {isa = PBXBuildFile; fileRef = 6363EF582297D9E0006C0A9C /* LineChart.swift */; };
		6363EF5B2297DC2D006C0A9C /* CFLineChartVC.swift in Sources */ = {isa = PBXBuildFile; fileRef = 6363EF5A2297DC2D006C0A9C /* CFLineChartVC.swift */; };
		6389D2B121E882E80026818D /* AppDelegate.swift in Sources */ = {isa = PBXBuildFile; fileRef = 6389D2B021E882E80026818D /* AppDelegate.swift */; };
		6389D2B321E882E80026818D /* ViewController.swift in Sources */ = {isa = PBXBuildFile; fileRef = 6389D2B221E882E80026818D /* ViewController.swift */; };
		6389D2B621E882E80026818D /* Main.storyboard in Resources */ = {isa = PBXBuildFile; fileRef = 6389D2B421E882E80026818D /* Main.storyboard */; };
		6389D2B821E882F10026818D /* Assets.xcassets in Resources */ = {isa = PBXBuildFile; fileRef = 6389D2B721E882F10026818D /* Assets.xcassets */; };
		6389D2BB21E882F10026818D /* LaunchScreen.storyboard in Resources */ = {isa = PBXBuildFile; fileRef = 6389D2B921E882F10026818D /* LaunchScreen.storyboard */; };
		6389D2C421F086E90026818D /* A.swift in Sources */ = {isa = PBXBuildFile; fileRef = 6389D2C321F086E90026818D /* A.swift */; };
		6389D2C621F086FA0026818D /* B.swift in Sources */ = {isa = PBXBuildFile; fileRef = 6389D2C521F086FA0026818D /* B.swift */; };
		6389D2C821F087080026818D /* C.swift in Sources */ = {isa = PBXBuildFile; fileRef = 6389D2C721F087080026818D /* C.swift */; };
		63946BF42292B0ED001FFB23 /* CFchartVC.swift in Sources */ = {isa = PBXBuildFile; fileRef = 63946BF32292B0ED001FFB23 /* CFchartVC.swift */; };
		63C3F511229BEC270096E5FA /* DataEntry.swift in Sources */ = {isa = PBXBuildFile; fileRef = 63C3F50D229BEC270096E5FA /* DataEntry.swift */; };
		63C3F512229BEC270096E5FA /* UIBezierPathExtension.swift in Sources */ = {isa = PBXBuildFile; fileRef = 63C3F50E229BEC270096E5FA /* UIBezierPathExtension.swift */; };
		63C3F513229BEC270096E5FA /* CustomSegments.swift in Sources */ = {isa = PBXBuildFile; fileRef = 63C3F50F229BEC270096E5FA /* CustomSegments.swift */; };
		63C3F514229BEC270096E5FA /* CALayerExtension.swift in Sources */ = {isa = PBXBuildFile; fileRef = 63C3F510229BEC270096E5FA /* CALayerExtension.swift */; };
		63C3F51A229BEC720096E5FA /* BeautifulBarChart.swift in Sources */ = {isa = PBXBuildFile; fileRef = 63C3F517229BEC720096E5FA /* BeautifulBarChart.swift */; };
		63C3F51B229BEC720096E5FA /* BeautifulBarChartPresenter.swift in Sources */ = {isa = PBXBuildFile; fileRef = 63C3F518229BEC720096E5FA /* BeautifulBarChartPresenter.swift */; };
		63C3F51C229BEC720096E5FA /* BeautifulBarEntry.swift in Sources */ = {isa = PBXBuildFile; fileRef = 63C3F519229BEC720096E5FA /* BeautifulBarEntry.swift */; };
		63C3F520229BEC7D0096E5FA /* BasicBarChartPresenter.swift in Sources */ = {isa = PBXBuildFile; fileRef = 63C3F51D229BEC7C0096E5FA /* BasicBarChartPresenter.swift */; };
		63C3F521229BEC7D0096E5FA /* BasicBarChart.swift in Sources */ = {isa = PBXBuildFile; fileRef = 63C3F51E229BEC7C0096E5FA /* BasicBarChart.swift */; };
		63C3F522229BEC7D0096E5FA /* BasicBarEntry.swift in Sources */ = {isa = PBXBuildFile; fileRef = 63C3F51F229BEC7D0096E5FA /* BasicBarEntry.swift */; };
		63C3F524229BECB70096E5FA /* CFBarChartVC.swift in Sources */ = {isa = PBXBuildFile; fileRef = 63C3F523229BECB70096E5FA /* CFBarChartVC.swift */; };
		63F0FD242294F24E0007AB10 /* PieCharts.framework in Frameworks */ = {isa = PBXBuildFile; fileRef = 63F0FD232294F24E0007AB10 /* PieCharts.framework */; };
/* End PBXBuildFile section */

/* Begin PBXFileReference section */
		280CCF3E22957FD2000039E0 /* TKRadarChart.swift */ = {isa = PBXFileReference; fileEncoding = 4; lastKnownFileType = sourcecode.swift; path = TKRadarChart.swift; sourceTree = "<group>"; };
		28CFEEA32296DC40001A3961 /* CFRadarVC.swift */ = {isa = PBXFileReference; lastKnownFileType = sourcecode.swift; path = CFRadarVC.swift; sourceTree = "<group>"; };
		631E9E4E21F7028900E3B47C /* CFtabBarViewController.swift */ = {isa = PBXFileReference; lastKnownFileType = sourcecode.swift; path = CFtabBarViewController.swift; sourceTree = "<group>"; };
		634CC0792248598E0026B295 /* C1.swift */ = {isa = PBXFileReference; lastKnownFileType = sourcecode.swift; path = C1.swift; sourceTree = "<group>"; };
		6355076D2201A95B00437CDB /* Global.swift */ = {isa = PBXFileReference; lastKnownFileType = sourcecode.swift; path = Global.swift; sourceTree = "<group>"; };
		635EE0C022363DF2001F00E8 /* CashFlowModel.xcdatamodel */ = {isa = PBXFileReference; lastKnownFileType = wrapper.xcdatamodel; path = CashFlowModel.xcdatamodel; sourceTree = "<group>"; };
		6363EF562296A496006C0A9C /* zh-Hans */ = {isa = PBXFileReference; lastKnownFileType = text.plist.strings; name = "zh-Hans"; path = "zh-Hans.lproj/Main.strings"; sourceTree = "<group>"; };
		6363EF572296A49B006C0A9C /* zh-Hans */ = {isa = PBXFileReference; lastKnownFileType = text.plist.strings; name = "zh-Hans"; path = "zh-Hans.lproj/LaunchScreen.strings"; sourceTree = "<group>"; };
		6363EF582297D9E0006C0A9C /* LineChart.swift */ = {isa = PBXFileReference; fileEncoding = 4; lastKnownFileType = sourcecode.swift; path = LineChart.swift; sourceTree = "<group>"; };
		6363EF5A2297DC2D006C0A9C /* CFLineChartVC.swift */ = {isa = PBXFileReference; lastKnownFileType = sourcecode.swift; path = CFLineChartVC.swift; sourceTree = "<group>"; };
		6389D2AD21E882E80026818D /* CashFlow.app */ = {isa = PBXFileReference; explicitFileType = wrapper.application; includeInIndex = 0; path = CashFlow.app; sourceTree = BUILT_PRODUCTS_DIR; };
		6389D2B021E882E80026818D /* AppDelegate.swift */ = {isa = PBXFileReference; lastKnownFileType = sourcecode.swift; path = AppDelegate.swift; sourceTree = "<group>"; };
		6389D2B221E882E80026818D /* ViewController.swift */ = {isa = PBXFileReference; lastKnownFileType = sourcecode.swift; path = ViewController.swift; sourceTree = "<group>"; };
		6389D2B521E882E80026818D /* Base */ = {isa = PBXFileReference; lastKnownFileType = file.storyboard; name = Base; path = Base.lproj/Main.storyboard; sourceTree = "<group>"; };
		6389D2B721E882F10026818D /* Assets.xcassets */ = {isa = PBXFileReference; lastKnownFileType = folder.assetcatalog; path = Assets.xcassets; sourceTree = "<group>"; };
		6389D2BA21E882F10026818D /* Base */ = {isa = PBXFileReference; lastKnownFileType = file.storyboard; name = Base; path = Base.lproj/LaunchScreen.storyboard; sourceTree = "<group>"; };
		6389D2BC21E882F10026818D /* Info.plist */ = {isa = PBXFileReference; lastKnownFileType = text.plist.xml; path = Info.plist; sourceTree = "<group>"; };
		6389D2C321F086E90026818D /* A.swift */ = {isa = PBXFileReference; lastKnownFileType = sourcecode.swift; path = A.swift; sourceTree = "<group>"; xcLanguageSpecificationIdentifier = xcode.lang.swift; };
		6389D2C521F086FA0026818D /* B.swift */ = {isa = PBXFileReference; lastKnownFileType = sourcecode.swift; path = B.swift; sourceTree = "<group>"; };
		6389D2C721F087080026818D /* C.swift */ = {isa = PBXFileReference; lastKnownFileType = sourcecode.swift; path = C.swift; sourceTree = "<group>"; };
		63946BF32292B0ED001FFB23 /* CFchartVC.swift */ = {isa = PBXFileReference; lastKnownFileType = sourcecode.swift; path = CFchartVC.swift; sourceTree = "<group>"; };
		63C3F50D229BEC270096E5FA /* DataEntry.swift */ = {isa = PBXFileReference; fileEncoding = 4; lastKnownFileType = sourcecode.swift; path = DataEntry.swift; sourceTree = "<group>"; };
		63C3F50E229BEC270096E5FA /* UIBezierPathExtension.swift */ = {isa = PBXFileReference; fileEncoding = 4; lastKnownFileType = sourcecode.swift; path = UIBezierPathExtension.swift; sourceTree = "<group>"; };
		63C3F50F229BEC270096E5FA /* CustomSegments.swift */ = {isa = PBXFileReference; fileEncoding = 4; lastKnownFileType = sourcecode.swift; path = CustomSegments.swift; sourceTree = "<group>"; };
		63C3F510229BEC270096E5FA /* CALayerExtension.swift */ = {isa = PBXFileReference; fileEncoding = 4; lastKnownFileType = sourcecode.swift; path = CALayerExtension.swift; sourceTree = "<group>"; };
		63C3F517229BEC720096E5FA /* BeautifulBarChart.swift */ = {isa = PBXFileReference; fileEncoding = 4; lastKnownFileType = sourcecode.swift; path = BeautifulBarChart.swift; sourceTree = "<group>"; };
		63C3F518229BEC720096E5FA /* BeautifulBarChartPresenter.swift */ = {isa = PBXFileReference; fileEncoding = 4; lastKnownFileType = sourcecode.swift; path = BeautifulBarChartPresenter.swift; sourceTree = "<group>"; };
		63C3F519229BEC720096E5FA /* BeautifulBarEntry.swift */ = {isa = PBXFileReference; fileEncoding = 4; lastKnownFileType = sourcecode.swift; path = BeautifulBarEntry.swift; sourceTree = "<group>"; };
		63C3F51D229BEC7C0096E5FA /* BasicBarChartPresenter.swift */ = {isa = PBXFileReference; fileEncoding = 4; lastKnownFileType = sourcecode.swift; path = BasicBarChartPresenter.swift; sourceTree = "<group>"; };
		63C3F51E229BEC7C0096E5FA /* BasicBarChart.swift */ = {isa = PBXFileReference; fileEncoding = 4; lastKnownFileType = sourcecode.swift; path = BasicBarChart.swift; sourceTree = "<group>"; };
		63C3F51F229BEC7D0096E5FA /* BasicBarEntry.swift */ = {isa = PBXFileReference; fileEncoding = 4; lastKnownFileType = sourcecode.swift; path = BasicBarEntry.swift; sourceTree = "<group>"; };
		63C3F523229BECB70096E5FA /* CFBarChartVC.swift */ = {isa = PBXFileReference; lastKnownFileType = sourcecode.swift; path = CFBarChartVC.swift; sourceTree = "<group>"; };
		63F0FD232294F24E0007AB10 /* PieCharts.framework */ = {isa = PBXFileReference; lastKnownFileType = wrapper.framework; name = PieCharts.framework; path = Carthage/Build/iOS/PieCharts.framework; sourceTree = "<group>"; };
		9464A6B5402BC5533B2CF85D /* Pods-CashFlow.debug.xcconfig */ = {isa = PBXFileReference; includeInIndex = 1; lastKnownFileType = text.xcconfig; name = "Pods-CashFlow.debug.xcconfig"; path = "Target Support Files/Pods-CashFlow/Pods-CashFlow.debug.xcconfig"; sourceTree = "<group>"; };
		BBC8AD1D42A66C5376CC6D9A /* Pods-CashFlow.release.xcconfig */ = {isa = PBXFileReference; includeInIndex = 1; lastKnownFileType = text.xcconfig; name = "Pods-CashFlow.release.xcconfig"; path = "Target Support Files/Pods-CashFlow/Pods-CashFlow.release.xcconfig"; sourceTree = "<group>"; };
		F00FFDCBE2C2416A0F40135B /* Pods_CashFlow.framework */ = {isa = PBXFileReference; explicitFileType = wrapper.framework; includeInIndex = 0; path = Pods_CashFlow.framework; sourceTree = BUILT_PRODUCTS_DIR; };
/* End PBXFileReference section */

/* Begin PBXFrameworksBuildPhase section */
		6389D2AA21E882E80026818D /* Frameworks */ = {
			isa = PBXFrameworksBuildPhase;
			buildActionMask = 2147483647;
			files = (
				63F0FD242294F24E0007AB10 /* PieCharts.framework in Frameworks */,
				02F7C6511CA4FE9960B3CEE5 /* Pods_CashFlow.framework in Frameworks */,
			);
			runOnlyForDeploymentPostprocessing = 0;
		};
/* End PBXFrameworksBuildPhase section */

/* Begin PBXGroup section */
		6363EF5522963882006C0A9C /* Chart */ = {
			isa = PBXGroup;
			children = (
				63C3F50B229BEBF40096E5FA /* BarChart */,
				280CCF3E22957FD2000039E0 /* TKRadarChart.swift */,
				6363EF582297D9E0006C0A9C /* LineChart.swift */,
			);
			path = Chart;
			sourceTree = "<group>";
		};
		6389D2A421E882E80026818D = {
			isa = PBXGroup;
			children = (
				6389D2AF21E882E80026818D /* CashFlow */,
				6389D2AE21E882E80026818D /* Products */,
				63F0FD222294F24D0007AB10 /* Frameworks */,
				B286857C5EFC81DF66A033BE /* Pods */,
			);
			sourceTree = "<group>";
		};
		6389D2AE21E882E80026818D /* Products */ = {
			isa = PBXGroup;
			children = (
				6389D2AD21E882E80026818D /* CashFlow.app */,
			);
			name = Products;
			sourceTree = "<group>";
		};
		6389D2AF21E882E80026818D /* CashFlow */ = {
			isa = PBXGroup;
			children = (
				6363EF5522963882006C0A9C /* Chart */,
				6389D2B021E882E80026818D /* AppDelegate.swift */,
				635EE0BF22363DF2001F00E8 /* CashFlowModel.xcdatamodeld */,
				631E9E4E21F7028900E3B47C /* CFtabBarViewController.swift */,
				6355076D2201A95B00437CDB /* Global.swift */,
				6389D2C321F086E90026818D /* A.swift */,
				6389D2C521F086FA0026818D /* B.swift */,
				6389D2C721F087080026818D /* C.swift */,
				634CC0792248598E0026B295 /* C1.swift */,
				63946BF32292B0ED001FFB23 /* CFchartVC.swift */,
				28CFEEA32296DC40001A3961 /* CFRadarVC.swift */,
				6363EF5A2297DC2D006C0A9C /* CFLineChartVC.swift */,
				63C3F523229BECB70096E5FA /* CFBarChartVC.swift */,
				6389D2B421E882E80026818D /* Main.storyboard */,
				6389D2B221E882E80026818D /* ViewController.swift */,
				6389D2B721E882F10026818D /* Assets.xcassets */,
				6389D2B921E882F10026818D /* LaunchScreen.storyboard */,
				6389D2BC21E882F10026818D /* Info.plist */,
			);
			path = CashFlow;
			sourceTree = "<group>";
		};
		63C3F50B229BEBF40096E5FA /* BarChart */ = {
			isa = PBXGroup;
			children = (
				63C3F516229BEC550096E5FA /* BasicBarChart */,
				63C3F515229BEC300096E5FA /* BeauBarChart */,
				63C3F50C229BEC150096E5FA /* Shared */,
			);
			path = BarChart;
			sourceTree = "<group>";
		};
		63C3F50C229BEC150096E5FA /* Shared */ = {
			isa = PBXGroup;
			children = (
				63C3F510229BEC270096E5FA /* CALayerExtension.swift */,
				63C3F50F229BEC270096E5FA /* CustomSegments.swift */,
				63C3F50D229BEC270096E5FA /* DataEntry.swift */,
				63C3F50E229BEC270096E5FA /* UIBezierPathExtension.swift */,
			);
			path = Shared;
			sourceTree = "<group>";
		};
		63C3F515229BEC300096E5FA /* BeauBarChart */ = {
			isa = PBXGroup;
			children = (
				63C3F517229BEC720096E5FA /* BeautifulBarChart.swift */,
				63C3F518229BEC720096E5FA /* BeautifulBarChartPresenter.swift */,
				63C3F519229BEC720096E5FA /* BeautifulBarEntry.swift */,
			);
			path = BeauBarChart;
			sourceTree = "<group>";
		};
		63C3F516229BEC550096E5FA /* BasicBarChart */ = {
			isa = PBXGroup;
			children = (
				63C3F51E229BEC7C0096E5FA /* BasicBarChart.swift */,
				63C3F51D229BEC7C0096E5FA /* BasicBarChartPresenter.swift */,
				63C3F51F229BEC7D0096E5FA /* BasicBarEntry.swift */,
			);
			path = BasicBarChart;
			sourceTree = "<group>";
		};
		63F0FD222294F24D0007AB10 /* Frameworks */ = {
			isa = PBXGroup;
			children = (
				63F0FD232294F24E0007AB10 /* PieCharts.framework */,
				F00FFDCBE2C2416A0F40135B /* Pods_CashFlow.framework */,
			);
			name = Frameworks;
			sourceTree = "<group>";
		};
		B286857C5EFC81DF66A033BE /* Pods */ = {
			isa = PBXGroup;
			children = (
				9464A6B5402BC5533B2CF85D /* Pods-CashFlow.debug.xcconfig */,
				BBC8AD1D42A66C5376CC6D9A /* Pods-CashFlow.release.xcconfig */,
			);
			path = Pods;
			sourceTree = "<group>";
		};
/* End PBXGroup section */

/* Begin PBXNativeTarget section */
		6389D2AC21E882E80026818D /* CashFlow */ = {
			isa = PBXNativeTarget;
			buildConfigurationList = 6389D2BF21E882F10026818D /* Build configuration list for PBXNativeTarget "CashFlow" */;
			buildPhases = (
				CC90B24EEA2B997CA5F74EFD /* [CP] Check Pods Manifest.lock */,
				6389D2A921E882E80026818D /* Sources */,
				6389D2AA21E882E80026818D /* Frameworks */,
				6389D2AB21E882E80026818D /* Resources */,
				63F0FD212294F15A0007AB10 /* ShellScript */,
			);
			buildRules = (
			);
			dependencies = (
			);
			name = CashFlow;
			productName = CashFlow;
			productReference = 6389D2AD21E882E80026818D /* CashFlow.app */;
			productType = "com.apple.product-type.application";
		};
/* End PBXNativeTarget section */

/* Begin PBXProject section */
		6389D2A521E882E80026818D /* Project object */ = {
			isa = PBXProject;
			attributes = {
				LastSwiftUpdateCheck = 0940;
				LastUpgradeCheck = 0940;
				ORGANIZATIONNAME = "葛茂菁";
				TargetAttributes = {
					6389D2AC21E882E80026818D = {
						CreatedOnToolsVersion = 9.4.1;
					};
				};
			};
			buildConfigurationList = 6389D2A821E882E80026818D /* Build configuration list for PBXProject "CashFlow" */;
			compatibilityVersion = "Xcode 9.3";
			developmentRegion = en;
			hasScannedForEncodings = 0;
			knownRegions = (
				en,
				Base,
				"zh-Hans",
			);
			mainGroup = 6389D2A421E882E80026818D;
			productRefGroup = 6389D2AE21E882E80026818D /* Products */;
			projectDirPath = "";
			projectRoot = "";
			targets = (
				6389D2AC21E882E80026818D /* CashFlow */,
			);
		};
/* End PBXProject section */

/* Begin PBXResourcesBuildPhase section */
		6389D2AB21E882E80026818D /* Resources */ = {
			isa = PBXResourcesBuildPhase;
			buildActionMask = 2147483647;
			files = (
				6389D2BB21E882F10026818D /* LaunchScreen.storyboard in Resources */,
				6389D2B821E882F10026818D /* Assets.xcassets in Resources */,
				6389D2B621E882E80026818D /* Main.storyboard in Resources */,
			);
			runOnlyForDeploymentPostprocessing = 0;
		};
/* End PBXResourcesBuildPhase section */

/* Begin PBXShellScriptBuildPhase section */
		63F0FD212294F15A0007AB10 /* ShellScript */ = {
			isa = PBXShellScriptBuildPhase;
			buildActionMask = 2147483647;
			files = (
			);
			inputFileListPaths = (
			);
			inputPaths = (
				"$(SRCROOT)/Carthage/Build/iOS/PieCharts.framework",
			);
			outputFileListPaths = (
			);
			outputPaths = (
			);
			runOnlyForDeploymentPostprocessing = 0;
			shellPath = /bin/sh;
			shellScript = "/usr/local/bin/Carthage copy-frameworks\n";
		};
		CC90B24EEA2B997CA5F74EFD /* [CP] Check Pods Manifest.lock */ = {
			isa = PBXShellScriptBuildPhase;
			buildActionMask = 2147483647;
			files = (
			);
			inputFileListPaths = (
			);
			inputPaths = (
				"${PODS_PODFILE_DIR_PATH}/Podfile.lock",
				"${PODS_ROOT}/Manifest.lock",
			);
			name = "[CP] Check Pods Manifest.lock";
			outputFileListPaths = (
			);
			outputPaths = (
				"$(DERIVED_FILE_DIR)/Pods-CashFlow-checkManifestLockResult.txt",
			);
			runOnlyForDeploymentPostprocessing = 0;
			shellPath = /bin/sh;
			shellScript = "diff \"${PODS_PODFILE_DIR_PATH}/Podfile.lock\" \"${PODS_ROOT}/Manifest.lock\" > /dev/null\nif [ $? != 0 ] ; then\n    # print error to STDERR\n    echo \"error: The sandbox is not in sync with the Podfile.lock. Run 'pod install' or update your CocoaPods installation.\" >&2\n    exit 1\nfi\n# This output is used by Xcode 'outputs' to avoid re-running this script phase.\necho \"SUCCESS\" > \"${SCRIPT_OUTPUT_FILE_0}\"\n";
			showEnvVarsInLog = 0;
		};
/* End PBXShellScriptBuildPhase section */

/* Begin PBXSourcesBuildPhase section */
		6389D2A921E882E80026818D /* Sources */ = {
			isa = PBXSourcesBuildPhase;
			buildActionMask = 2147483647;
			files = (
				6355076E2201A95B00437CDB /* Global.swift in Sources */,
				63C3F521229BEC7D0096E5FA /* BasicBarChart.swift in Sources */,
				6389D2C621F086FA0026818D /* B.swift in Sources */,
				634CC07A2248598E0026B295 /* C1.swift in Sources */,
				635EE0C122363DF2001F00E8 /* CashFlowModel.xcdatamodeld in Sources */,
				63C3F51C229BEC720096E5FA /* BeautifulBarEntry.swift in Sources */,
				6363EF5B2297DC2D006C0A9C /* CFLineChartVC.swift in Sources */,
				63C3F522229BEC7D0096E5FA /* BasicBarEntry.swift in Sources */,
				6389D2C421F086E90026818D /* A.swift in Sources */,
				63C3F511229BEC270096E5FA /* DataEntry.swift in Sources */,
				6363EF592297D9E0006C0A9C /* LineChart.swift in Sources */,
				6389D2B321E882E80026818D /* ViewController.swift in Sources */,
				6389D2C821F087080026818D /* C.swift in Sources */,
				63C3F51B229BEC720096E5FA /* BeautifulBarChartPresenter.swift in Sources */,
				6389D2B121E882E80026818D /* AppDelegate.swift in Sources */,
				280CCF3F22957FD2000039E0 /* TKRadarChart.swift in Sources */,
				63C3F520229BEC7D0096E5FA /* BasicBarChartPresenter.swift in Sources */,
				63C3F513229BEC270096E5FA /* CustomSegments.swift in Sources */,
				63946BF42292B0ED001FFB23 /* CFchartVC.swift in Sources */,
				63C3F524229BECB70096E5FA /* CFBarChartVC.swift in Sources */,
				28CFEEA42296DC40001A3961 /* CFRadarVC.swift in Sources */,
				63C3F51A229BEC720096E5FA /* BeautifulBarChart.swift in Sources */,
				63C3F514229BEC270096E5FA /* CALayerExtension.swift in Sources */,
				631E9E4F21F7028900E3B47C /* CFtabBarViewController.swift in Sources */,
				63C3F512229BEC270096E5FA /* UIBezierPathExtension.swift in Sources */,
			);
			runOnlyForDeploymentPostprocessing = 0;
		};
/* End PBXSourcesBuildPhase section */

/* Begin PBXVariantGroup section */
		6389D2B421E882E80026818D /* Main.storyboard */ = {
			isa = PBXVariantGroup;
			children = (
				6389D2B521E882E80026818D /* Base */,
				6363EF562296A496006C0A9C /* zh-Hans */,
			);
			name = Main.storyboard;
			sourceTree = "<group>";
		};
		6389D2B921E882F10026818D /* LaunchScreen.storyboard */ = {
			isa = PBXVariantGroup;
			children = (
				6389D2BA21E882F10026818D /* Base */,
				6363EF572296A49B006C0A9C /* zh-Hans */,
			);
			name = LaunchScreen.storyboard;
			sourceTree = "<group>";
		};
/* End PBXVariantGroup section */

/* Begin XCBuildConfiguration section */
		6389D2BD21E882F10026818D /* Debug */ = {
			isa = XCBuildConfiguration;
			buildSettings = {
				ALWAYS_SEARCH_USER_PATHS = NO;
				CLANG_ANALYZER_LOCALIZABILITY_NONLOCALIZED = YES;
				CLANG_ANALYZER_NONNULL = YES;
				CLANG_ANALYZER_NUMBER_OBJECT_CONVERSION = YES_AGGRESSIVE;
				CLANG_CXX_LANGUAGE_STANDARD = "gnu++14";
				CLANG_CXX_LIBRARY = "libc++";
				CLANG_ENABLE_MODULES = YES;
				CLANG_ENABLE_OBJC_ARC = YES;
				CLANG_ENABLE_OBJC_WEAK = YES;
				CLANG_WARN_BLOCK_CAPTURE_AUTORELEASING = YES;
				CLANG_WARN_BOOL_CONVERSION = YES;
				CLANG_WARN_COMMA = YES;
				CLANG_WARN_CONSTANT_CONVERSION = YES;
				CLANG_WARN_DEPRECATED_OBJC_IMPLEMENTATIONS = YES;
				CLANG_WARN_DIRECT_OBJC_ISA_USAGE = YES_ERROR;
				CLANG_WARN_DOCUMENTATION_COMMENTS = YES;
				CLANG_WARN_EMPTY_BODY = YES;
				CLANG_WARN_ENUM_CONVERSION = YES;
				CLANG_WARN_INFINITE_RECURSION = YES;
				CLANG_WARN_INT_CONVERSION = YES;
				CLANG_WARN_NON_LITERAL_NULL_CONVERSION = YES;
				CLANG_WARN_OBJC_IMPLICIT_RETAIN_SELF = YES;
				CLANG_WARN_OBJC_LITERAL_CONVERSION = YES;
				CLANG_WARN_OBJC_ROOT_CLASS = YES_ERROR;
				CLANG_WARN_RANGE_LOOP_ANALYSIS = YES;
				CLANG_WARN_STRICT_PROTOTYPES = YES;
				CLANG_WARN_SUSPICIOUS_MOVE = YES;
				CLANG_WARN_UNGUARDED_AVAILABILITY = YES_AGGRESSIVE;
				CLANG_WARN_UNREACHABLE_CODE = YES;
				CLANG_WARN__DUPLICATE_METHOD_MATCH = YES;
				CODE_SIGN_IDENTITY = "iPhone Developer";
				COPY_PHASE_STRIP = NO;
				DEBUG_INFORMATION_FORMAT = dwarf;
				ENABLE_STRICT_OBJC_MSGSEND = YES;
				ENABLE_TESTABILITY = YES;
				GCC_C_LANGUAGE_STANDARD = gnu11;
				GCC_DYNAMIC_NO_PIC = NO;
				GCC_NO_COMMON_BLOCKS = YES;
				GCC_OPTIMIZATION_LEVEL = 0;
				GCC_PREPROCESSOR_DEFINITIONS = (
					"DEBUG=1",
					"$(inherited)",
				);
				GCC_WARN_64_TO_32_BIT_CONVERSION = YES;
				GCC_WARN_ABOUT_RETURN_TYPE = YES_ERROR;
				GCC_WARN_UNDECLARED_SELECTOR = YES;
				GCC_WARN_UNINITIALIZED_AUTOS = YES_AGGRESSIVE;
				GCC_WARN_UNUSED_FUNCTION = YES;
				GCC_WARN_UNUSED_VARIABLE = YES;
				IPHONEOS_DEPLOYMENT_TARGET = 11.0;
				MTL_ENABLE_DEBUG_INFO = YES;
				ONLY_ACTIVE_ARCH = YES;
				OTHER_LDFLAGS = "$(inherited)";
				SDKROOT = iphoneos;
				SWIFT_ACTIVE_COMPILATION_CONDITIONS = DEBUG;
				SWIFT_OPTIMIZATION_LEVEL = "-Onone";
				SWIFT_VERSION = 4.0;
			};
			name = Debug;
		};
		6389D2BE21E882F10026818D /* Release */ = {
			isa = XCBuildConfiguration;
			buildSettings = {
				ALWAYS_SEARCH_USER_PATHS = NO;
				CLANG_ANALYZER_LOCALIZABILITY_NONLOCALIZED = YES;
				CLANG_ANALYZER_NONNULL = YES;
				CLANG_ANALYZER_NUMBER_OBJECT_CONVERSION = YES_AGGRESSIVE;
				CLANG_CXX_LANGUAGE_STANDARD = "gnu++14";
				CLANG_CXX_LIBRARY = "libc++";
				CLANG_ENABLE_MODULES = YES;
				CLANG_ENABLE_OBJC_ARC = YES;
				CLANG_ENABLE_OBJC_WEAK = YES;
				CLANG_WARN_BLOCK_CAPTURE_AUTORELEASING = YES;
				CLANG_WARN_BOOL_CONVERSION = YES;
				CLANG_WARN_COMMA = YES;
				CLANG_WARN_CONSTANT_CONVERSION = YES;
				CLANG_WARN_DEPRECATED_OBJC_IMPLEMENTATIONS = YES;
				CLANG_WARN_DIRECT_OBJC_ISA_USAGE = YES_ERROR;
				CLANG_WARN_DOCUMENTATION_COMMENTS = YES;
				CLANG_WARN_EMPTY_BODY = YES;
				CLANG_WARN_ENUM_CONVERSION = YES;
				CLANG_WARN_INFINITE_RECURSION = YES;
				CLANG_WARN_INT_CONVERSION = YES;
				CLANG_WARN_NON_LITERAL_NULL_CONVERSION = YES;
				CLANG_WARN_OBJC_IMPLICIT_RETAIN_SELF = YES;
				CLANG_WARN_OBJC_LITERAL_CONVERSION = YES;
				CLANG_WARN_OBJC_ROOT_CLASS = YES_ERROR;
				CLANG_WARN_RANGE_LOOP_ANALYSIS = YES;
				CLANG_WARN_STRICT_PROTOTYPES = YES;
				CLANG_WARN_SUSPICIOUS_MOVE = YES;
				CLANG_WARN_UNGUARDED_AVAILABILITY = YES_AGGRESSIVE;
				CLANG_WARN_UNREACHABLE_CODE = YES;
				CLANG_WARN__DUPLICATE_METHOD_MATCH = YES;
				CODE_SIGN_IDENTITY = "iPhone Developer";
				COPY_PHASE_STRIP = NO;
				DEBUG_INFORMATION_FORMAT = "dwarf-with-dsym";
				ENABLE_NS_ASSERTIONS = NO;
				ENABLE_STRICT_OBJC_MSGSEND = YES;
				GCC_C_LANGUAGE_STANDARD = gnu11;
				GCC_NO_COMMON_BLOCKS = YES;
				GCC_WARN_64_TO_32_BIT_CONVERSION = YES;
				GCC_WARN_ABOUT_RETURN_TYPE = YES_ERROR;
				GCC_WARN_UNDECLARED_SELECTOR = YES;
				GCC_WARN_UNINITIALIZED_AUTOS = YES_AGGRESSIVE;
				GCC_WARN_UNUSED_FUNCTION = YES;
				GCC_WARN_UNUSED_VARIABLE = YES;
				IPHONEOS_DEPLOYMENT_TARGET = 11.0;
				MTL_ENABLE_DEBUG_INFO = NO;
				OTHER_LDFLAGS = "$(inherited)";
				SDKROOT = iphoneos;
				SWIFT_COMPILATION_MODE = wholemodule;
				SWIFT_OPTIMIZATION_LEVEL = "-O";
				SWIFT_VERSION = 4.0;
				VALIDATE_PRODUCT = YES;
			};
			name = Release;
		};
		6389D2C021E882F10026818D /* Debug */ = {
			isa = XCBuildConfiguration;
			baseConfigurationReference = 9464A6B5402BC5533B2CF85D /* Pods-CashFlow.debug.xcconfig */;
			buildSettings = {
				ASSETCATALOG_COMPILER_APPICON_NAME = AppIcon;
				CODE_SIGN_STYLE = Automatic;
				DEVELOPMENT_TEAM = 38355BY3GF;
				FRAMEWORK_SEARCH_PATHS = (
					"$(inherited)",
					"$(PROJECT_DIR)/CashFlow/AdMob",
					"$(PROJECT_DIR)/Carthage/Build/iOS",
				);
				INFOPLIST_FILE = CashFlow/Info.plist;
				LD_RUNPATH_SEARCH_PATHS = (
					"$(inherited)",
					"@executable_path/Frameworks",
				);
				OTHER_LDFLAGS = "$(inherited)";
				PODS_ROOT = "$(inherited)";
				PRODUCT_BUNDLE_IDENTIFIER = gemaojing.CashFlow;
				PRODUCT_NAME = "$(TARGET_NAME)";
				SWIFT_VERSION = 4.0;
				TARGETED_DEVICE_FAMILY = "1,2";
			};
			name = Debug;
		};
		6389D2C121E882F10026818D /* Release */ = {
			isa = XCBuildConfiguration;
			baseConfigurationReference = BBC8AD1D42A66C5376CC6D9A /* Pods-CashFlow.release.xcconfig */;
			buildSettings = {
				ASSETCATALOG_COMPILER_APPICON_NAME = AppIcon;
				CODE_SIGN_STYLE = Automatic;
				DEVELOPMENT_TEAM = 38355BY3GF;
				FRAMEWORK_SEARCH_PATHS = (
					"$(inherited)",
					"$(PROJECT_DIR)/CashFlow/AdMob",
					"$(PROJECT_DIR)/Carthage/Build/iOS",
				);
				INFOPLIST_FILE = CashFlow/Info.plist;
				LD_RUNPATH_SEARCH_PATHS = (
					"$(inherited)",
					"@executable_path/Frameworks",
				);
				OTHER_LDFLAGS = "$(inherited)";
				PODS_ROOT = "$(inherited)";
				PRODUCT_BUNDLE_IDENTIFIER = gemaojing.CashFlow;
				PRODUCT_NAME = "$(TARGET_NAME)";
				SWIFT_VERSION = 4.0;
				TARGETED_DEVICE_FAMILY = "1,2";
			};
			name = Release;
		};
/* End XCBuildConfiguration section */

/* Begin XCConfigurationList section */
		6389D2A821E882E80026818D /* Build configuration list for PBXProject "CashFlow" */ = {
			isa = XCConfigurationList;
			buildConfigurations = (
				6389D2BD21E882F10026818D /* Debug */,
				6389D2BE21E882F10026818D /* Release */,
			);
			defaultConfigurationIsVisible = 0;
			defaultConfigurationName = Release;
		};
		6389D2BF21E882F10026818D /* Build configuration list for PBXNativeTarget "CashFlow" */ = {
			isa = XCConfigurationList;
			buildConfigurations = (
				6389D2C021E882F10026818D /* Debug */,
				6389D2C121E882F10026818D /* Release */,
			);
			defaultConfigurationIsVisible = 0;
			defaultConfigurationName = Release;
		};
/* End XCConfigurationList section */

/* Begin XCVersionGroup section */
		635EE0BF22363DF2001F00E8 /* CashFlowModel.xcdatamodeld */ = {
			isa = XCVersionGroup;
			children = (
				635EE0C022363DF2001F00E8 /* CashFlowModel.xcdatamodel */,
			);
			currentVersion = 635EE0C022363DF2001F00E8 /* CashFlowModel.xcdatamodel */;
			path = CashFlowModel.xcdatamodeld;
			sourceTree = "<group>";
			versionGroupType = wrapper.xcdatamodel;
		};
/* End XCVersionGroup section */
	};
	rootObject = 6389D2A521E882E80026818D /* Project object */;
}
